# This file is automatically @generated by Cargo.
# It is not intended for manual editing.
version = 4

[[package]]
name = "a"
version = "0.1.0"
dependencies = [
 "dup 1.0.0",
]

[[package]]
name = "app"
version = "0.1.0"
dependencies = [
 "a",
 "b",
 "dup 3.0.0",
 "pm",
]

[[package]]
name = "b"
version = "0.1.0"
dependencies = [
 "dup 2.0.0",
]

[[package]]
name = "dup"
version = "1.0.0"

[[package]]
name = "dup"
version = "2.0.0"

[[package]]
name = "dup"
version = "3.0.0"

[[package]]
name = "dup"
version = "4.0.0"

[[package]]
name = "pm"
version = "0.1.0"
dependencies = [
 "dup 4.0.0",
]
